// !$*UTF8*$!
{
	archiveVersion = 1;
	classes = {
	};
	objectVersion = 55;
	objects = {

/* Begin PBXBuildFile section */
		47D09A022740F8F7006DF77C /* main.c in Sources */ = {isa = PBXBuildFile; fileRef = 47D09A012740F8F7006DF77C /* main.c */; };
		47D09A0C2742390D006DF77C /* liblzfse.dylib in Frameworks */ = {isa = PBXBuildFile; fileRef = 47D09A0B2742390D006DF77C /* liblzfse.dylib */; };
		47D09A0F274240A8006DF77C /* Security.framework in Frameworks */ = {isa = PBXBuildFile; fileRef = 47D09A0E274240A8006DF77C /* Security.framework */; };
		47D09A14274242B2006DF77C /* libtasn1.6.dylib in Frameworks */ = {isa = PBXBuildFile; fileRef = 47D09A13274242B2006DF77C /* libtasn1.6.dylib */; };
/* End PBXBuildFile section */

/* Begin PBXCopyFilesBuildPhase section */
		47D099FC2740F8F7006DF77C /* CopyFiles */ = {
			isa = PBXCopyFilesBuildPhase;
			buildActionMask = 2147483647;
			dstPath = /usr/share/man/man1/;
			dstSubfolderSpec = 0;
			files = (
			);
			runOnlyForDeploymentPostprocessing = 1;
		};
/* End PBXCopyFilesBuildPhase section */

/* Begin PBXFileReference section */
		47D099FE2740F8F7006DF77C /* kernelcache_decryptor */ = {isa = PBXFileReference; explicitFileType = "compiled.mach-o.executable"; includeInIndex = 0; path = kernelcache_decryptor; sourceTree = BUILT_PRODUCTS_DIR; };
		47D09A012740F8F7006DF77C /* main.c */ = {isa = PBXFileReference; lastKnownFileType = sourcecode.c.c; path = main.c; sourceTree = "<group>"; };
		47D09A082740FE1B006DF77C /* img4.h */ = {isa = PBXFileReference; fileEncoding = 4; lastKnownFileType = sourcecode.c.h; path = img4.h; sourceTree = "<group>"; };
		47D09A092740FE1C006DF77C /* img4.asn1 */ = {isa = PBXFileReference; fileEncoding = 4; lastKnownFileType = text; path = img4.asn1; sourceTree = "<group>"; };
		47D09A0B2742390D006DF77C /* liblzfse.dylib */ = {isa = PBXFileReference; lastKnownFileType = "compiled.mach-o.dylib"; name = liblzfse.dylib; path = ../../../../opt/homebrew/Cellar/lzfse/1.0/lib/liblzfse.dylib; sourceTree = "<group>"; };
		47D09A0E274240A8006DF77C /* Security.framework */ = {isa = PBXFileReference; lastKnownFileType = wrapper.framework; name = Security.framework; path = System/Library/Frameworks/Security.framework; sourceTree = SDKROOT; };
		47D09A1027424228006DF77C /* lib */ = {isa = PBXFileReference; lastKnownFileType = folder; name = lib; path = ../../../../opt/homebrew/lib; sourceTree = "<group>"; };
		47D09A13274242B2006DF77C /* libtasn1.6.dylib */ = {isa = PBXFileReference; lastKnownFileType = "compiled.mach-o.dylib"; name = libtasn1.6.dylib; path = ../../../../opt/homebrew/Cellar/libtasn1/4.18.0/lib/libtasn1.6.dylib; sourceTree = "<group>"; };
/* End PBXFileReference section */

/* Begin PBXFrameworksBuildPhase section */
		47D099FB2740F8F7006DF77C /* Frameworks */ = {
			isa = PBXFrameworksBuildPhase;
			buildActionMask = 2147483647;
			files = (
				47D09A14274242B2006DF77C /* libtasn1.6.dylib in Frameworks */,
				47D09A0F274240A8006DF77C /* Security.framework in Frameworks */,
				47D09A0C2742390D006DF77C /* liblzfse.dylib in Frameworks */,
			);
			runOnlyForDeploymentPostprocessing = 0;
		};
/* End PBXFrameworksBuildPhase section */

/* Begin PBXGroup section */
		47D099F52740F8F7006DF77C = {
			isa = PBXGroup;
			children = (
				47D09A002740F8F7006DF77C /* kernelcache_decryptor */,
				47D099FF2740F8F7006DF77C /* Products */,
				47D09A0A2742390C006DF77C /* Frameworks */,
			);
			sourceTree = "<group>";
		};
		47D099FF2740F8F7006DF77C /* Products */ = {
			isa = PBXGroup;
			children = (
				47D099FE2740F8F7006DF77C /* kernelcache_decryptor */,
			);
			name = Products;
			sourceTree = "<group>";
		};
		47D09A002740F8F7006DF77C /* kernelcache_decryptor */ = {
			isa = PBXGroup;
			children = (
				47D09A092740FE1C006DF77C /* img4.asn1 */,
				47D09A082740FE1B006DF77C /* img4.h */,
				47D09A012740F8F7006DF77C /* main.c */,
			);
			path = kernelcache_decryptor;
			sourceTree = "<group>";
		};
		47D09A0A2742390C006DF77C /* Frameworks */ = {
			isa = PBXGroup;
			children = (
				47D09A13274242B2006DF77C /* libtasn1.6.dylib */,
				47D09A1027424228006DF77C /* lib */,
				47D09A0E274240A8006DF77C /* Security.framework */,
				47D09A0B2742390D006DF77C /* liblzfse.dylib */,
			);
			name = Frameworks;
			sourceTree = "<group>";
		};
/* End PBXGroup section */

/* Begin PBXNativeTarget section */
		47D099FD2740F8F7006DF77C /* kernelcache_decryptor */ = {
			isa = PBXNativeTarget;
			buildConfigurationList = 47D09A052740F8F7006DF77C /* Build configuration list for PBXNativeTarget "kernelcache_decryptor" */;
			buildPhases = (
				47D099FA2740F8F7006DF77C /* Sources */,
				47D099FB2740F8F7006DF77C /* Frameworks */,
				47D099FC2740F8F7006DF77C /* CopyFiles */,
			);
			buildRules = (
			);
			dependencies = (
			);
			name = kernelcache_decryptor;
			productName = kernelcache_decryptor;
			productReference = 47D099FE2740F8F7006DF77C /* kernelcache_decryptor */;
			productType = "com.apple.product-type.tool";
		};
/* End PBXNativeTarget section */

/* Begin PBXProject section */
		47D099F62740F8F7006DF77C /* Project object */ = {
			isa = PBXProject;
			attributes = {
				BuildIndependentTargetsInParallel = 1;
				LastUpgradeCheck = 1310;
				TargetAttributes = {
					47D099FD2740F8F7006DF77C = {
						CreatedOnToolsVersion = 13.1;
					};
				};
			};
			buildConfigurationList = 47D099F92740F8F7006DF77C /* Build configuration list for PBXProject "kernelcache_decryptor" */;
			compatibilityVersion = "Xcode 13.0";
			developmentRegion = en;
			hasScannedForEncodings = 0;
			knownRegions = (
				en,
				Base,
			);
			mainGroup = 47D099F52740F8F7006DF77C;
			productRefGroup = 47D099FF2740F8F7006DF77C /* Products */;
			projectDirPath = "";
			projectRoot = "";
			targets = (
				47D099FD2740F8F7006DF77C /* kernelcache_decryptor */,
			);
		};
/* End PBXProject section */

/* Begin PBXSourcesBuildPhase section */
		47D099FA2740F8F7006DF77C /* Sources */ = {
			isa = PBXSourcesBuildPhase;
			buildActionMask = 2147483647;
			files = (
				47D09A022740F8F7006DF77C /* main.c in Sources */,
			);
			runOnlyForDeploymentPostprocessing = 0;
		};
/* End PBXSourcesBuildPhase section */

/* Begin XCBuildConfiguration section */
		47D09A032740F8F7006DF77C /* Debug */ = {
			isa = XCBuildConfiguration;
			buildSettings = {
				ALWAYS_SEARCH_USER_PATHS = NO;
				CLANG_ANALYZER_NONNULL = YES;
				CLANG_ANALYZER_NUMBER_OBJECT_CONVERSION = YES_AGGRESSIVE;
				CLANG_CXX_LANGUAGE_STANDARD = "gnu++17";
				CLANG_CXX_LIBRARY = "libc++";
				CLANG_ENABLE_MODULES = YES;
				CLANG_ENABLE_OBJC_ARC = YES;
				CLANG_ENABLE_OBJC_WEAK = YES;
				CLANG_WARN_BLOCK_CAPTURE_AUTORELEASING = YES;
				CLANG_WARN_BOOL_CONVERSION = YES;
				CLANG_WARN_COMMA = YES;
				CLANG_WARN_CONSTANT_CONVERSION = YES;
				CLANG_WARN_DEPRECATED_OBJC_IMPLEMENTATIONS = YES;
				CLANG_WARN_DIRECT_OBJC_ISA_USAGE = YES_ERROR;
				CLANG_WARN_DOCUMENTATION_COMMENTS = YES;
				CLANG_WARN_EMPTY_BODY = YES;
				CLANG_WARN_ENUM_CONVERSION = YES;
				CLANG_WARN_INFINITE_RECURSION = YES;
				CLANG_WARN_INT_CONVERSION = YES;
				CLANG_WARN_NON_LITERAL_NULL_CONVERSION = YES;
				CLANG_WARN_OBJC_IMPLICIT_RETAIN_SELF = YES;
				CLANG_WARN_OBJC_LITERAL_CONVERSION = YES;
				CLANG_WARN_OBJC_ROOT_CLASS = YES_ERROR;
				CLANG_WARN_QUOTED_INCLUDE_IN_FRAMEWORK_HEADER = YES;
				CLANG_WARN_RANGE_LOOP_ANALYSIS = YES;
				CLANG_WARN_STRICT_PROTOTYPES = YES;
				CLANG_WARN_SUSPICIOUS_MOVE = YES;
				CLANG_WARN_UNGUARDED_AVAILABILITY = YES_AGGRESSIVE;
				CLANG_WARN_UNREACHABLE_CODE = YES;
				CLANG_WARN__DUPLICATE_METHOD_MATCH = YES;
				COPY_PHASE_STRIP = NO;
				DEBUG_INFORMATION_FORMAT = dwarf;
				ENABLE_STRICT_OBJC_MSGSEND = YES;
				ENABLE_TESTABILITY = YES;
				GCC_C_LANGUAGE_STANDARD = gnu11;
				GCC_DYNAMIC_NO_PIC = NO;
				GCC_NO_COMMON_BLOCKS = YES;
				GCC_OPTIMIZATION_LEVEL = 0;
				GCC_PREPROCESSOR_DEFINITIONS = (
					"DEBUG=1",
					"$(inherited)",
				);
				GCC_WARN_64_TO_32_BIT_CONVERSION = YES;
				GCC_WARN_ABOUT_RETURN_TYPE = YES_ERROR;
				GCC_WARN_UNDECLARED_SELECTOR = YES;
				GCC_WARN_UNINITIALIZED_AUTOS = YES_AGGRESSIVE;
				GCC_WARN_UNUSED_FUNCTION = YES;
				GCC_WARN_UNUSED_VARIABLE = YES;
				MACOSX_DEPLOYMENT_TARGET = 12.0;
				MTL_ENABLE_DEBUG_INFO = INCLUDE_SOURCE;
				MTL_FAST_MATH = YES;
				ONLY_ACTIVE_ARCH = YES;
				OTHER_CFLAGS = "";
				"OTHER_CFLAGS[arch=*]" = (
					"-I",
					/opt/homebrew/include/,
				);
				SCAN_ALL_SOURCE_FILES_FOR_INCLUDES = YES;
				SDKROOT = macosx;
			};
			name = Debug;
		};
		47D09A042740F8F7006DF77C /* Release */ = {
			isa = XCBuildConfiguration;
			buildSettings = {
				ALWAYS_SEARCH_USER_PATHS = NO;
				CLANG_ANALYZER_NONNULL = YES;
				CLANG_ANALYZER_NUMBER_OBJECT_CONVERSION = YES_AGGRESSIVE;
				CLANG_CXX_LANGUAGE_STANDARD = "gnu++17";
				CLANG_CXX_LIBRARY = "libc++";
				CLANG_ENABLE_MODULES = YES;
				CLANG_ENABLE_OBJC_ARC = YES;
				CLANG_ENABLE_OBJC_WEAK = YES;
				CLANG_WARN_BLOCK_CAPTURE_AUTORELEASING = YES;
				CLANG_WARN_BOOL_CONVERSION = YES;
				CLANG_WARN_COMMA = YES;
				CLANG_WARN_CONSTANT_CONVERSION = YES;
				CLANG_WARN_DEPRECATED_OBJC_IMPLEMENTATIONS = YES;
				CLANG_WARN_DIRECT_OBJC_ISA_USAGE = YES_ERROR;
				CLANG_WARN_DOCUMENTATION_COMMENTS = YES;
				CLANG_WARN_EMPTY_BODY = YES;
				CLANG_WARN_ENUM_CONVERSION = YES;
				CLANG_WARN_INFINITE_RECURSION = YES;
				CLANG_WARN_INT_CONVERSION = YES;
				CLANG_WARN_NON_LITERAL_NULL_CONVERSION = YES;
				CLANG_WARN_OBJC_IMPLICIT_RETAIN_SELF = YES;
				CLANG_WARN_OBJC_LITERAL_CONVERSION = YES;
				CLANG_WARN_OBJC_ROOT_CLASS = YES_ERROR;
				CLANG_WARN_QUOTED_INCLUDE_IN_FRAMEWORK_HEADER = YES;
				CLANG_WARN_RANGE_LOOP_ANALYSIS = YES;
				CLANG_WARN_STRICT_PROTOTYPES = YES;
				CLANG_WARN_SUSPICIOUS_MOVE = YES;
				CLANG_WARN_UNGUARDED_AVAILABILITY = YES_AGGRESSIVE;
				CLANG_WARN_UNREACHABLE_CODE = YES;
				CLANG_WARN__DUPLICATE_METHOD_MATCH = YES;
				COPY_PHASE_STRIP = NO;
				DEBUG_INFORMATION_FORMAT = "dwarf-with-dsym";
				ENABLE_NS_ASSERTIONS = NO;
				ENABLE_STRICT_OBJC_MSGSEND = YES;
				GCC_C_LANGUAGE_STANDARD = gnu11;
				GCC_NO_COMMON_BLOCKS = YES;
				GCC_WARN_64_TO_32_BIT_CONVERSION = YES;
				GCC_WARN_ABOUT_RETURN_TYPE = YES_ERROR;
				GCC_WARN_UNDECLARED_SELECTOR = YES;
				GCC_WARN_UNINITIALIZED_AUTOS = YES_AGGRESSIVE;
				GCC_WARN_UNUSED_FUNCTION = YES;
				GCC_WARN_UNUSED_VARIABLE = YES;
				MACOSX_DEPLOYMENT_TARGET = 12.0;
				MTL_ENABLE_DEBUG_INFO = NO;
				MTL_FAST_MATH = YES;
				OTHER_CFLAGS = "";
				"OTHER_CFLAGS[arch=*]" = (
					"-I",
					/opt/homebrew/include/,
				);
				SCAN_ALL_SOURCE_FILES_FOR_INCLUDES = YES;
				SDKROOT = macosx;
			};
			name = Release;
		};
		47D09A062740F8F7006DF77C /* Debug */ = {
			isa = XCBuildConfiguration;
			buildSettings = {
				CODE_SIGN_STYLE = Automatic;
				DEVELOPMENT_TEAM = XM9H6X6U3S;
				ENABLE_HARDENED_RUNTIME = YES;
				LIBRARY_SEARCH_PATHS = (
					"$(inherited)",
					/opt/homebrew/Cellar/lzfse/1.0/lib,
					/opt/homebrew/Cellar/libtasn1/4.18.0/lib,
				);
				MACOSX_DEPLOYMENT_TARGET = 12.0;
				PRODUCT_NAME = "$(TARGET_NAME)";
			};
			name = Debug;
		};
		47D09A072740F8F7006DF77C /* Release */ = {
			isa = XCBuildConfiguration;
			buildSettings = {
				CODE_SIGN_STYLE = Automatic;
				DEVELOPMENT_TEAM = XM9H6X6U3S;
				ENABLE_HARDENED_RUNTIME = YES;
				LIBRARY_SEARCH_PATHS = (
					"$(inherited)",
					/opt/homebrew/Cellar/lzfse/1.0/lib,
					/opt/homebrew/Cellar/libtasn1/4.18.0/lib,
				);
				MACOSX_DEPLOYMENT_TARGET = 12.0;
				PRODUCT_NAME = "$(TARGET_NAME)";
			};
			name = Release;
		};
/* End XCBuildConfiguration section */

/* Begin XCConfigurationList section */
		47D099F92740F8F7006DF77C /* Build configuration list for PBXProject "kernelcache_decryptor" */ = {
			isa = XCConfigurationList;
			buildConfigurations = (
				47D09A032740F8F7006DF77C /* Debug */,
				47D09A042740F8F7006DF77C /* Release */,
			);
			defaultConfigurationIsVisible = 0;
			defaultConfigurationName = Release;
		};
		47D09A052740F8F7006DF77C /* Build configuration list for PBXNativeTarget "kernelcache_decryptor" */ = {
			isa = XCConfigurationList;
			buildConfigurations = (
				47D09A062740F8F7006DF77C /* Debug */,
				47D09A072740F8F7006DF77C /* Release */,
			);
			defaultConfigurationIsVisible = 0;
			defaultConfigurationName = Release;
		};
/* End XCConfigurationList section */
	};
	rootObject = 47D099F62740F8F7006DF77C /* Project object */;
}
